Microsoft Visual Studio Solution File, Format Version 12.00
# Visual Studio 15
VisualStudioVersion = 15.0.27703.2018
MinimumVisualStudioVersion = 10.0.40219.1
Project("{9A19103F-16F7-4668-BE54-9A1E7A4F7556}") = "InfoTrack.KeywordRank", "InfoTrack.KeywordRank\InfoTrack.KeywordRank.csproj", "{2E070AC0-F2BB-4E96-B65D-33F45985B820}"
EndProject
Project("{9A19103F-16F7-4668-BE54-9A1E7A4F7556}") = "Test", "Test\Test.csproj", "{21BE78D3-3925-42D7-8B84-FAAB3A79383B}"
EndProject
Project("{E53339B2-1760-4266-BCC7-CA923CBCF16C}") = "docker-compose", "docker-compose.dcproj", "{93EB7FE2-E4B8-476D-A9AA-89481201C0A8}"
EndProject
Global
	GlobalSection(SolutionConfigurationPlatforms) = preSolution
		Debug|Any CPU = Debug|Any CPU
		Release|Any CPU = Release|Any CPU
	EndGlobalSection
	GlobalSection(ProjectConfigurationPlatforms) = postSolution
		{2E070AC0-F2BB-4E96-B65D-33F45985B820}.Debug|Any CPU.ActiveCfg = Debug|Any CPU
		{2E070AC0-F2BB-4E96-B65D-33F45985B820}.Debug|Any CPU.Build.0 = Debug|Any CPU
		{2E070AC0-F2BB-4E96-B65D-33F45985B820}.Release|Any CPU.ActiveCfg = Release|Any CPU
		{2E070AC0-F2BB-4E96-B65D-33F45985B820}.Release|Any CPU.Build.0 = Release|Any CPU
		{21BE78D3-3925-42D7-8B84-FAAB3A79383B}.Debug|Any CPU.ActiveCfg = Debug|Any CPU
		{21BE78D3-3925-42D7-8B84-FAAB3A79383B}.Debug|Any CPU.Build.0 = Debug|Any CPU
		{21BE78D3-3925-42D7-8B84-FAAB3A79383B}.Release|Any CPU.ActiveCfg = Release|Any CPU
		{21BE78D3-3925-42D7-8B84-FAAB3A79383B}.Release|Any CPU.Build.0 = Release|Any CPU
		{93EB7FE2-E4B8-476D-A9AA-89481201C0A8}.Debug|Any CPU.ActiveCfg = Debug|Any CPU
		{93EB7FE2-E4B8-476D-A9AA-89481201C0A8}.Debug|Any CPU.Build.0 = Debug|Any CPU
		{93EB7FE2-E4B8-476D-A9AA-89481201C0A8}.Release|Any CPU.ActiveCfg = Release|Any CPU
		{93EB7FE2-E4B8-476D-A9AA-89481201C0A8}.Release|Any CPU.Build.0 = Release|Any CPU
	EndGlobalSection
	GlobalSection(SolutionProperties) = preSolution
		HideSolutionNode = FALSE
	EndGlobalSection
	GlobalSection(ExtensibilityGlobals) = postSolution
		SolutionGuid = {A176E87C-4139-45CD-A0D3-9F19BDA2553D}
	EndGlobalSection
EndGlobal
